
Microsoft Visual Studio Solution File, Format Version 12.00
# Visual Studio Version 17
VisualStudioVersion = 17.5.33502.453
MinimumVisualStudioVersion = 10.0.40219.1
Project("{9A19103F-16F7-4668-BE54-9A1E7A4F7556}") = "SchoolBuilder", "SchoolBuilder\SchoolBuilder.csproj", "{D6187491-2EC6-4FF0-8006-4D7427666330}"
EndProject
Project("{FAE04EC0-301F-11D3-BF4B-00C04F79EFBC}") = "SchoolBuilder.Tests", "SchoolBuilder.Tests\SchoolBuilder.Tests.csproj", "{523A9EEA-E595-428A-9450-5229B8A73326}"
EndProject
Global
	GlobalSection(SolutionConfigurationPlatforms) = preSolution
		Debug|Any CPU = Debug|Any CPU
		Release|Any CPU = Release|Any CPU
	EndGlobalSection
	GlobalSection(ProjectConfigurationPlatforms) = postSolution
		{D6187491-2EC6-4FF0-8006-4D7427666330}.Debug|Any CPU.ActiveCfg = Debug|Any CPU
		{D6187491-2EC6-4FF0-8006-4D7427666330}.Debug|Any CPU.Build.0 = Debug|Any CPU
		{D6187491-2EC6-4FF0-8006-4D7427666330}.Release|Any CPU.ActiveCfg = Release|Any CPU
		{D6187491-2EC6-4FF0-8006-4D7427666330}.Release|Any CPU.Build.0 = Release|Any CPU
		{523A9EEA-E595-428A-9450-5229B8A73326}.Debug|Any CPU.ActiveCfg = Debug|Any CPU
		{523A9EEA-E595-428A-9450-5229B8A73326}.Debug|Any CPU.Build.0 = Debug|Any CPU
		{523A9EEA-E595-428A-9450-5229B8A73326}.Release|Any CPU.ActiveCfg = Release|Any CPU
		{523A9EEA-E595-428A-9450-5229B8A73326}.Release|Any CPU.Build.0 = Release|Any CPU
	EndGlobalSection
	GlobalSection(SolutionProperties) = preSolution
		HideSolutionNode = FALSE
	EndGlobalSection
	GlobalSection(ExtensibilityGlobals) = postSolution
		SolutionGuid = {E6D0D6B2-A037-47AE-9440-11AD58DA9312}
	EndGlobalSection
EndGlobal
